[[package]]
id = 8
name = "chardet"
version = "3.0.4"
source = "pypi+https://pypi.org/pypi/chardet/3.0.4/json"
dependencies = []

[[package]]
id = 11
name = "dj-database-url"
version = "0.5.0"
source = "pypi+https://pypi.org/pypi/dj-database-url/0.5.0/json"
dependencies = []

[[package]]
id = 15
name = "appdirs"
version = "1.4.3"
source = "pypi+https://pypi.org/pypi/appdirs/1.4.3/json"
dependencies = []

[[package]]
id = 13
name = "black"
version = "19.3.0b0"
source = "pypi+https://pypi.org/pypi/black/19.3.0b0/json"
dependencies = ["toml 0.10.0 pypi+https://pypi.org/pypi/toml/0.10.0/json"]

[[package]]
id = 19
name = "click"
version = "7.0.0"
source = "pypi+https://pypi.org/pypi/click/7.0.0/json"
dependencies = []

[[package]]
id = 18
name = "rq"
version = "1.1.0"
source = "pypi+https://pypi.org/pypi/rq/1.1.0/json"
dependencies = ["click 7.0.0 pypi+https://pypi.org/pypi/click/7.0.0/json"]

[[package]]
id = 9
name = "djangorestframework"
version = "3.10.2"
source = "pypi+https://pypi.org/pypi/djangorestframework/3.10.2/json"
dependencies = []

[[package]]
id = 6
name = "urllib3"
version = "1.25.3"
source = "pypi+https://pypi.org/pypi/urllib3/1.25.3/json"
dependencies = []

[[package]]
id = 12
name = "psycopg2-binary"
version = "2.8.3"
source = "pypi+https://pypi.org/pypi/psycopg2-binary/2.8.3/json"
dependencies = []

[[package]]
id = 20
name = "redis"
version = "3.3.8"
source = "pypi+https://pypi.org/pypi/redis/3.3.8/json"
dependencies = []

[[package]]
id = 7
name = "idna"
version = "2.8.0"
source = "pypi+https://pypi.org/pypi/idna/2.8.0/json"
dependencies = []

[[package]]
id = 21
name = "wheel"
version = "0.33.6"
source = "pypi+https://pypi.org/pypi/wheel/0.33.6/json"
dependencies = []

[[package]]
id = 1
name = "Django"
version = "2.2.4"
source = "pypi+https://pypi.org/pypi/Django/2.2.4/json"
dependencies = ["sqlparse 0.3.0 pypi+https://pypi.org/pypi/sqlparse/0.3.0/json"]

[[package]]
id = 2
name = "sqlparse"
version = "0.3.0"
source = "pypi+https://pypi.org/pypi/sqlparse/0.3.0/json"
dependencies = []

[[package]]
id = 5
name = "certifi"
version = "2019.6.16"
source = "pypi+https://pypi.org/pypi/certifi/2019.6.16/json"
dependencies = []

[[package]]
id = 3
name = "pytz"
version = "2019.2.0"
source = "pypi+https://pypi.org/pypi/pytz/2019.2.0/json"
dependencies = []

[[package]]
id = 16
name = "attrs"
version = "19.1.0"
source = "pypi+https://pypi.org/pypi/attrs/19.1.0/json"
dependencies = []

[[package]]
id = 14
name = "toml"
version = "0.10.0"
source = "pypi+https://pypi.org/pypi/toml/0.10.0/json"
dependencies = []

[[package]]
id = 10
name = "gunicorn"
version = "19.9.0"
source = "pypi+https://pypi.org/pypi/gunicorn/19.9.0/json"
dependencies = []

[[package]]
id = 4
name = "requests"
version = "2.22.0"
source = "pypi+https://pypi.org/pypi/requests/2.22.0/json"
dependencies = ["certifi 2019.6.16 pypi+https://pypi.org/pypi/certifi/2019.6.16/json"]

[metadata]
